
Microsoft Visual Studio Solution File, Format Version 12.00
# Visual Studio 15
VisualStudioVersion = 15.0.28307.572
MinimumVisualStudioVersion = 10.0.40219.1
Project("{9A19103F-16F7-4668-BE54-9A1E7A4F7556}") = "WeatherCollector", "WeatherCollector\WeatherCollector.csproj", "{0448637B-9556-469E-A4FB-E8D18EB300FC}"
EndProject
Global
	GlobalSection(SolutionConfigurationPlatforms) = preSolution
		Debug|Any CPU = Debug|Any CPU
		Release|Any CPU = Release|Any CPU
	EndGlobalSection
	GlobalSection(ProjectConfigurationPlatforms) = postSolution
		{0448637B-9556-469E-A4FB-E8D18EB300FC}.Debug|Any CPU.ActiveCfg = Debug|Any CPU
		{0448637B-9556-469E-A4FB-E8D18EB300FC}.Debug|Any CPU.Build.0 = Debug|Any CPU
		{0448637B-9556-469E-A4FB-E8D18EB300FC}.Release|Any CPU.ActiveCfg = Release|Any CPU
		{0448637B-9556-469E-A4FB-E8D18EB300FC}.Release|Any CPU.Build.0 = Release|Any CPU
	EndGlobalSection
	GlobalSection(SolutionProperties) = preSolution
		HideSolutionNode = FALSE
	EndGlobalSection
	GlobalSection(ExtensibilityGlobals) = postSolution
		SolutionGuid = {97BA9DDA-F3E2-4761-A075-816942774E04}
	EndGlobalSection
EndGlobal
